Microsoft Visual Studio Solution File, Format Version 11.00
# Visual Studio 2008

Project("{0A10E9D1-FF0E-C1C8-D89C-4F1F065FD9BC}") = "toaster-box", "Assembly-CSharp-vs.csproj", "{A4CFF0F1-9732-C9A6-8D1B-E9CAB33E7730}"
EndProject
Project("{0A10E9D1-FF0E-C1C8-D89C-4F1F065FD9BC}") = "toaster-box", "Assembly-CSharp-Editor-vs.csproj", "{69AB6865-7BDD-960B-514D-50811F7E89A6}"
EndProject
Global
	GlobalSection(SolutionConfigurationPlatforms) = preSolution
		Debug|Any CPU = Debug|Any CPU
		Release|Any CPU = Release|Any CPU
	EndGlobalSection
	GlobalSection(ProjectConfigurationPlatforms) = postSolution
		{A4CFF0F1-9732-C9A6-8D1B-E9CAB33E7730}.Debug|Any CPU.ActiveCfg = Debug|Any CPU
		{A4CFF0F1-9732-C9A6-8D1B-E9CAB33E7730}.Debug|Any CPU.Build.0 = Debug|Any CPU
		{A4CFF0F1-9732-C9A6-8D1B-E9CAB33E7730}.Release|Any CPU.ActiveCfg = Release|Any CPU
		{A4CFF0F1-9732-C9A6-8D1B-E9CAB33E7730}.Release|Any CPU.Build.0 = Release|Any CPU
		{69AB6865-7BDD-960B-514D-50811F7E89A6}.Debug|Any CPU.ActiveCfg = Debug|Any CPU
		{69AB6865-7BDD-960B-514D-50811F7E89A6}.Debug|Any CPU.Build.0 = Debug|Any CPU
		{69AB6865-7BDD-960B-514D-50811F7E89A6}.Release|Any CPU.ActiveCfg = Release|Any CPU
		{69AB6865-7BDD-960B-514D-50811F7E89A6}.Release|Any CPU.Build.0 = Release|Any CPU
	EndGlobalSection
	GlobalSection(SolutionProperties) = preSolution
		HideSolutionNode = FALSE
	EndGlobalSection
													GlobalSection(MonoDevelopProperties) = preSolution
		StartupItem = Assembly-CSharp.csproj
		Policies = $0
		$0.TextStylePolicy = $1
		$1.inheritsSet = null
		$1.scope = text/x-csharp
		$0.CSharpFormattingPolicy = $2
		$2.inheritsSet = Mono
		$2.inheritsScope = text/x-csharp
		$2.scope = text/x-csharp
		$0.TextStylePolicy = $3
		$3.FileWidth = 120
		$3.TabWidth = 4
		$3.IndentWidth = 4
		$3.EolMarker = Unix
		$3.inheritsSet = Mono
		$3.inheritsScope = text/plain
		$3.scope = text/plain
	EndGlobalSection

EndGlobal
